
Microsoft Visual Studio Solution File, Format Version 12.00
# Visual Studio 14
VisualStudioVersion = 14.0.25123.0
MinimumVisualStudioVersion = 10.0.40219.1
Project("{FAE04EC0-301F-11D3-BF4B-00C04F79EFBC}") = "Orc.Metadata.NET40", "Orc.Metadata\Orc.Metadata.NET40\Orc.Metadata.NET40.csproj", "{4258FC75-DD23-4877-A56D-3A077AB57F2D}"
EndProject
Project("{2150E333-8FDC-42A3-9474-1A3956D46DE8}") = "src", "src", "{A8A1A4EE-E04A-43AB-90C9-41E7B82EE1E5}"
EndProject
Project("{2150E333-8FDC-42A3-9474-1A3956D46DE8}") = "misc", "misc", "{1FE0D431-A761-4239-B2D6-D32C70723FD2}"
	ProjectSection(SolutionItems) = preProject
		nuget.config = nuget.config
		Orc.Metadata.sln.DotSettings = Orc.Metadata.sln.DotSettings
		SolutionAssemblyInfo.cs = SolutionAssemblyInfo.cs
	EndProjectSection
EndProject
Project("{FAE04EC0-301F-11D3-BF4B-00C04F79EFBC}") = "Orc.Metadata.Tests.NET40", "Orc.Metadata.Tests\Orc.Metadata.Tests.NET40\Orc.Metadata.Tests.NET40.csproj", "{D6415689-67DE-4FEE-AA72-6D7EEDDDCEB6}"
EndProject
Project("{2150E333-8FDC-42A3-9474-1A3956D46DE8}") = "Core", "Core", "{B1500163-DD62-4454-AA11-9F1CF313986E}"
EndProject
Project("{2150E333-8FDC-42A3-9474-1A3956D46DE8}") = "Tests", "Tests", "{A23951F8-267E-40A7-89B1-B95042F24998}"
EndProject
Project("{D954291E-2A0B-460D-934E-DC6B0785DB48}") = "Orc.Metadata.Shared", "Orc.Metadata\Orc.Metadata.Shared\Orc.Metadata.Shared.shproj", "{850A9F5C-534A-4C69-BAD5-A82F2F733A6D}"
EndProject
Project("{D954291E-2A0B-460D-934E-DC6B0785DB48}") = "Orc.Metadata.Tests.Shared", "Orc.Metadata.Tests\Orc.Metadata.Tests.Shared\Orc.Metadata.Tests.Shared.shproj", "{D356BEC8-19BE-4C5E-9A07-4F6A8AE75741}"
EndProject
Project("{FAE04EC0-301F-11D3-BF4B-00C04F79EFBC}") = "Orc.Metadata.NET45", "Orc.Metadata\Orc.Metadata.NET45\Orc.Metadata.NET45.csproj", "{F3EC8F09-7800-4274-8E08-912402F8439D}"
EndProject
Project("{FAE04EC0-301F-11D3-BF4B-00C04F79EFBC}") = "Orc.Metadata.Tests.NET45", "Orc.Metadata.Tests\Orc.Metadata.Tests.NET45\Orc.Metadata.Tests.NET45.csproj", "{FF90E6B4-4A91-40AC-9CE4-823AE9A1265F}"
EndProject
Project("{FAE04EC0-301F-11D3-BF4B-00C04F79EFBC}") = "Orc.Metadata.NET46", "Orc.Metadata\Orc.Metadata.NET46\Orc.Metadata.NET46.csproj", "{91BA7672-D2F9-481A-A5D4-97BA3B97E06E}"
EndProject
Project("{FAE04EC0-301F-11D3-BF4B-00C04F79EFBC}") = "Orc.Metadata.Tests.NET46", "Orc.Metadata.Tests\Orc.Metadata.Tests.NET46\Orc.Metadata.Tests.NET46.csproj", "{71340DEE-8489-40CE-8416-3C7E4274D5EF}"
EndProject
Global
	GlobalSection(SharedMSBuildProjectFiles) = preSolution
		Orc.Metadata.Tests\Orc.Metadata.Tests.Shared\Orc.Metadata.Tests.Shared.projitems*{d356bec8-19be-4c5e-9a07-4f6a8ae75741}*SharedItemsImports = 13
		Orc.Metadata\Orc.Metadata.Shared\Orc.Metadata.Shared.projitems*{4258fc75-dd23-4877-a56d-3a077ab57f2d}*SharedItemsImports = 4
		Orc.Metadata.Tests\Orc.Metadata.Tests.Shared\Orc.Metadata.Tests.Shared.projitems*{71340dee-8489-40ce-8416-3c7e4274d5ef}*SharedItemsImports = 4
		Orc.Metadata\Orc.Metadata.Shared\Orc.Metadata.Shared.projitems*{91ba7672-d2f9-481a-a5d4-97ba3b97e06e}*SharedItemsImports = 4
		Orc.Metadata.Tests\Orc.Metadata.Tests.Shared\Orc.Metadata.Tests.Shared.projitems*{d6415689-67de-4fee-aa72-6d7eedddceb6}*SharedItemsImports = 4
		Orc.Metadata\Orc.Metadata.Shared\Orc.Metadata.Shared.projitems*{f3ec8f09-7800-4274-8e08-912402f8439d}*SharedItemsImports = 4
		Orc.Metadata.Tests\Orc.Metadata.Tests.Shared\Orc.Metadata.Tests.Shared.projitems*{ff90e6b4-4a91-40ac-9ce4-823ae9a1265f}*SharedItemsImports = 4
		Orc.Metadata\Orc.Metadata.Shared\Orc.Metadata.Shared.projitems*{850a9f5c-534a-4c69-bad5-a82f2f733a6d}*SharedItemsImports = 13
	EndGlobalSection
	GlobalSection(SolutionConfigurationPlatforms) = preSolution
		Debug|Any CPU = Debug|Any CPU
		Release|Any CPU = Release|Any CPU
	EndGlobalSection
	GlobalSection(ProjectConfigurationPlatforms) = postSolution
		{4258FC75-DD23-4877-A56D-3A077AB57F2D}.Debug|Any CPU.ActiveCfg = Debug|Any CPU
		{4258FC75-DD23-4877-A56D-3A077AB57F2D}.Debug|Any CPU.Build.0 = Debug|Any CPU
		{4258FC75-DD23-4877-A56D-3A077AB57F2D}.Release|Any CPU.ActiveCfg = Release|Any CPU
		{4258FC75-DD23-4877-A56D-3A077AB57F2D}.Release|Any CPU.Build.0 = Release|Any CPU
		{D6415689-67DE-4FEE-AA72-6D7EEDDDCEB6}.Debug|Any CPU.ActiveCfg = Debug|Any CPU
		{D6415689-67DE-4FEE-AA72-6D7EEDDDCEB6}.Debug|Any CPU.Build.0 = Debug|Any CPU
		{D6415689-67DE-4FEE-AA72-6D7EEDDDCEB6}.Release|Any CPU.ActiveCfg = Release|Any CPU
		{D6415689-67DE-4FEE-AA72-6D7EEDDDCEB6}.Release|Any CPU.Build.0 = Release|Any CPU
		{F3EC8F09-7800-4274-8E08-912402F8439D}.Debug|Any CPU.ActiveCfg = Debug|Any CPU
		{F3EC8F09-7800-4274-8E08-912402F8439D}.Debug|Any CPU.Build.0 = Debug|Any CPU
		{F3EC8F09-7800-4274-8E08-912402F8439D}.Release|Any CPU.ActiveCfg = Release|Any CPU
		{F3EC8F09-7800-4274-8E08-912402F8439D}.Release|Any CPU.Build.0 = Release|Any CPU
		{FF90E6B4-4A91-40AC-9CE4-823AE9A1265F}.Debug|Any CPU.ActiveCfg = Debug|Any CPU
		{FF90E6B4-4A91-40AC-9CE4-823AE9A1265F}.Debug|Any CPU.Build.0 = Debug|Any CPU
		{FF90E6B4-4A91-40AC-9CE4-823AE9A1265F}.Release|Any CPU.ActiveCfg = Release|Any CPU
		{FF90E6B4-4A91-40AC-9CE4-823AE9A1265F}.Release|Any CPU.Build.0 = Release|Any CPU
		{91BA7672-D2F9-481A-A5D4-97BA3B97E06E}.Debug|Any CPU.ActiveCfg = Debug|Any CPU
		{91BA7672-D2F9-481A-A5D4-97BA3B97E06E}.Debug|Any CPU.Build.0 = Debug|Any CPU
		{91BA7672-D2F9-481A-A5D4-97BA3B97E06E}.Release|Any CPU.ActiveCfg = Release|Any CPU
		{91BA7672-D2F9-481A-A5D4-97BA3B97E06E}.Release|Any CPU.Build.0 = Release|Any CPU
		{71340DEE-8489-40CE-8416-3C7E4274D5EF}.Debug|Any CPU.ActiveCfg = Debug|Any CPU
		{71340DEE-8489-40CE-8416-3C7E4274D5EF}.Debug|Any CPU.Build.0 = Debug|Any CPU
		{71340DEE-8489-40CE-8416-3C7E4274D5EF}.Release|Any CPU.ActiveCfg = Release|Any CPU
		{71340DEE-8489-40CE-8416-3C7E4274D5EF}.Release|Any CPU.Build.0 = Release|Any CPU
	EndGlobalSection
	GlobalSection(SolutionProperties) = preSolution
		HideSolutionNode = FALSE
	EndGlobalSection
	GlobalSection(NestedProjects) = preSolution
		{4258FC75-DD23-4877-A56D-3A077AB57F2D} = {B1500163-DD62-4454-AA11-9F1CF313986E}
		{D6415689-67DE-4FEE-AA72-6D7EEDDDCEB6} = {A23951F8-267E-40A7-89B1-B95042F24998}
		{B1500163-DD62-4454-AA11-9F1CF313986E} = {A8A1A4EE-E04A-43AB-90C9-41E7B82EE1E5}
		{A23951F8-267E-40A7-89B1-B95042F24998} = {A8A1A4EE-E04A-43AB-90C9-41E7B82EE1E5}
		{850A9F5C-534A-4C69-BAD5-A82F2F733A6D} = {B1500163-DD62-4454-AA11-9F1CF313986E}
		{D356BEC8-19BE-4C5E-9A07-4F6A8AE75741} = {A23951F8-267E-40A7-89B1-B95042F24998}
		{F3EC8F09-7800-4274-8E08-912402F8439D} = {B1500163-DD62-4454-AA11-9F1CF313986E}
		{FF90E6B4-4A91-40AC-9CE4-823AE9A1265F} = {A23951F8-267E-40A7-89B1-B95042F24998}
		{91BA7672-D2F9-481A-A5D4-97BA3B97E06E} = {B1500163-DD62-4454-AA11-9F1CF313986E}
		{71340DEE-8489-40CE-8416-3C7E4274D5EF} = {A23951F8-267E-40A7-89B1-B95042F24998}
	EndGlobalSection
EndGlobal
