
Microsoft Visual Studio Solution File, Format Version 12.00
# Visual Studio Version 16
VisualStudioVersion = 16.0.30011.22
MinimumVisualStudioVersion = 10.0.40219.1
Project("{2150E333-8FDC-42A3-9474-1A3956D46DE8}") = "src", "src", "{A8A1A4EE-E04A-43AB-90C9-41E7B82EE1E5}"
EndProject
Project("{2150E333-8FDC-42A3-9474-1A3956D46DE8}") = "misc", "misc", "{1FE0D431-A761-4239-B2D6-D32C70723FD2}"
	ProjectSection(SolutionItems) = preProject
		Directory.build.project.props = Directory.build.project.props
		Directory.build.props = Directory.build.props
		Directory.build.shared.explicit.props = Directory.build.shared.explicit.props
		Directory.build.shared.implicit.props = Directory.build.shared.implicit.props
		Directory.build.shared.mat.props = Directory.build.shared.mat.props
		Directory.build.targets = Directory.build.targets
		GlobalSuppressions.cs = GlobalSuppressions.cs
		nuget.config = nuget.config
		Orc.Metadata.sln.DotSettings = Orc.Metadata.sln.DotSettings
		SolutionAssemblyInfo.cs = SolutionAssemblyInfo.cs
	EndProjectSection
EndProject
Project("{2150E333-8FDC-42A3-9474-1A3956D46DE8}") = "Core", "Core", "{B1500163-DD62-4454-AA11-9F1CF313986E}"
EndProject
Project("{2150E333-8FDC-42A3-9474-1A3956D46DE8}") = "Tests", "Tests", "{A23951F8-267E-40A7-89B1-B95042F24998}"
EndProject
Project("{9A19103F-16F7-4668-BE54-9A1E7A4F7556}") = "Orc.Metadata", "Orc.Metadata\Orc.Metadata.csproj", "{C9B4AF7B-2B2C-483A-B483-E2EE31DB4C14}"
EndProject
Project("{9A19103F-16F7-4668-BE54-9A1E7A4F7556}") = "Orc.Metadata.Tests", "Orc.Metadata.Tests\Orc.Metadata.Tests.csproj", "{0F01F493-8CC6-40B2-9886-F47D3B8F90A1}"
EndProject
Global
	GlobalSection(SolutionConfigurationPlatforms) = preSolution
		Debug|Any CPU = Debug|Any CPU
		Release|Any CPU = Release|Any CPU
	EndGlobalSection
	GlobalSection(ProjectConfigurationPlatforms) = postSolution
		{C9B4AF7B-2B2C-483A-B483-E2EE31DB4C14}.Debug|Any CPU.ActiveCfg = Debug|Any CPU
		{C9B4AF7B-2B2C-483A-B483-E2EE31DB4C14}.Debug|Any CPU.Build.0 = Debug|Any CPU
		{C9B4AF7B-2B2C-483A-B483-E2EE31DB4C14}.Release|Any CPU.ActiveCfg = Release|Any CPU
		{C9B4AF7B-2B2C-483A-B483-E2EE31DB4C14}.Release|Any CPU.Build.0 = Release|Any CPU
		{0F01F493-8CC6-40B2-9886-F47D3B8F90A1}.Debug|Any CPU.ActiveCfg = Debug|Any CPU
		{0F01F493-8CC6-40B2-9886-F47D3B8F90A1}.Debug|Any CPU.Build.0 = Debug|Any CPU
		{0F01F493-8CC6-40B2-9886-F47D3B8F90A1}.Release|Any CPU.ActiveCfg = Release|Any CPU
		{0F01F493-8CC6-40B2-9886-F47D3B8F90A1}.Release|Any CPU.Build.0 = Release|Any CPU
	EndGlobalSection
	GlobalSection(SolutionProperties) = preSolution
		HideSolutionNode = FALSE
	EndGlobalSection
	GlobalSection(NestedProjects) = preSolution
		{B1500163-DD62-4454-AA11-9F1CF313986E} = {A8A1A4EE-E04A-43AB-90C9-41E7B82EE1E5}
		{A23951F8-267E-40A7-89B1-B95042F24998} = {A8A1A4EE-E04A-43AB-90C9-41E7B82EE1E5}
		{C9B4AF7B-2B2C-483A-B483-E2EE31DB4C14} = {B1500163-DD62-4454-AA11-9F1CF313986E}
		{0F01F493-8CC6-40B2-9886-F47D3B8F90A1} = {A23951F8-267E-40A7-89B1-B95042F24998}
	EndGlobalSection
	GlobalSection(ExtensibilityGlobals) = postSolution
		SolutionGuid = {B1F5EDF6-D97F-444E-85E2-5682DB38284B}
	EndGlobalSection
EndGlobal
